
Microsoft Visual Studio Solution File, Format Version 12.00
# Visual Studio Version 17
VisualStudioVersion = 17.8.34330.188
MinimumVisualStudioVersion = 10.0.40219.1
Project("{9A19103F-16F7-4668-BE54-9A1E7A4F7556}") = "Itog56", "Itog56\Itog56.csproj", "{0D04CD9E-0BB2-4D7E-A9CB-A4C4F240B79B}"
EndProject
Project("{FAE04EC0-301F-11D3-BF4B-00C04F79EFBC}") = "MyItog5", "MyItog5\MyItog5.csproj", "{47ED41CE-3263-4882-8205-9B53BA79AE6A}"
EndProject
Global
	GlobalSection(SolutionConfigurationPlatforms) = preSolution
		Debug|Any CPU = Debug|Any CPU
		Release|Any CPU = Release|Any CPU
	EndGlobalSection
	GlobalSection(ProjectConfigurationPlatforms) = postSolution
		{0D04CD9E-0BB2-4D7E-A9CB-A4C4F240B79B}.Debug|Any CPU.ActiveCfg = Debug|Any CPU
		{0D04CD9E-0BB2-4D7E-A9CB-A4C4F240B79B}.Debug|Any CPU.Build.0 = Debug|Any CPU
		{0D04CD9E-0BB2-4D7E-A9CB-A4C4F240B79B}.Release|Any CPU.ActiveCfg = Release|Any CPU
		{0D04CD9E-0BB2-4D7E-A9CB-A4C4F240B79B}.Release|Any CPU.Build.0 = Release|Any CPU
		{47ED41CE-3263-4882-8205-9B53BA79AE6A}.Debug|Any CPU.ActiveCfg = Debug|Any CPU
		{47ED41CE-3263-4882-8205-9B53BA79AE6A}.Debug|Any CPU.Build.0 = Debug|Any CPU
		{47ED41CE-3263-4882-8205-9B53BA79AE6A}.Release|Any CPU.ActiveCfg = Release|Any CPU
		{47ED41CE-3263-4882-8205-9B53BA79AE6A}.Release|Any CPU.Build.0 = Release|Any CPU
	EndGlobalSection
	GlobalSection(SolutionProperties) = preSolution
		HideSolutionNode = FALSE
	EndGlobalSection
	GlobalSection(ExtensibilityGlobals) = postSolution
		SolutionGuid = {249EDE10-BAEE-4FAB-B5BC-9FE8BF391DC7}
	EndGlobalSection
EndGlobal
